
Microsoft Visual Studio Solution File, Format Version 12.00
# Visual Studio Version 17
VisualStudioVersion = 17.3.32929.385
MinimumVisualStudioVersion = 10.0.40219.1
Project("{9A19103F-16F7-4668-BE54-9A1E7A4F7556}") = "Fumen", "StepManiaLibrary\Fumen\Fumen\Fumen.csproj", "{3829BAAD-4CD4-45D0-812F-EFDF3B733AE9}"
EndProject
Project("{9A19103F-16F7-4668-BE54-9A1E7A4F7556}") = "FumenTests", "StepManiaLibrary\Fumen\FumenTests\FumenTests.csproj", "{6129C91B-F26B-423F-97EC-B4D4A7ECB631}"
EndProject
Project("{9A19103F-16F7-4668-BE54-9A1E7A4F7556}") = "StepManiaLibrary", "StepManiaLibrary\StepManiaLibrary\StepManiaLibrary.csproj", "{0442A9A8-0AD1-4275-9575-B30E71F2A57E}"
EndProject
Project("{9A19103F-16F7-4668-BE54-9A1E7A4F7556}") = "StepManiaEditor", "StepManiaEditor\StepManiaEditor.csproj", "{9D072ADE-2E91-4000-A5B3-9D948FE0428F}"
EndProject
Project("{9A19103F-16F7-4668-BE54-9A1E7A4F7556}") = "MonoGame.Framework.WindowsDX", "StepManiaEditor\MonoGame\MonoGame.Framework\MonoGame.Framework.WindowsDX.csproj", "{D0D2BFE2-229B-4B4A-B21F-5EE40B4344E1}"
EndProject
Project("{9A19103F-16F7-4668-BE54-9A1E7A4F7556}") = "StepManiaLibraryTests", "StepManiaLibrary\StepManiaLibraryTests\StepManiaLibraryTests.csproj", "{1D6C7634-1F39-4FC0-B8F3-97FD0A9544E1}"
EndProject
Project("{9A19103F-16F7-4668-BE54-9A1E7A4F7556}") = "StepManiaEditorTextureGenerator", "StepManiaEditorTextureGenerator\StepManiaEditorTextureGenerator.csproj", "{36388BBD-0DDC-47B3-B73C-54CDAD5903D1}"
EndProject
Project("{9A19103F-16F7-4668-BE54-9A1E7A4F7556}") = "MonoGameExtensions", "MonoGameExtensions\MonoGameExtensions.csproj", "{C4C48A2B-D460-46CA-A90C-856C37C290A5}"
EndProject
Project("{9A19103F-16F7-4668-BE54-9A1E7A4F7556}") = "PackageBuild", "PackageBuild\PackageBuild.csproj", "{8C0AE355-3D98-4837-A5D9-D9E4B76140C3}"
EndProject
Project("{9A19103F-16F7-4668-BE54-9A1E7A4F7556}") = "StepManiaEditorTests", "StepManiaEditorTests\StepManiaEditorTests.csproj", "{74F84C7E-90CA-4315-A565-138B8B38D23B}"
EndProject
Project("{9A19103F-16F7-4668-BE54-9A1E7A4F7556}") = "ImGui.NET", "ImGui.NET\src\ImGui.NET\ImGui.NET.csproj", "{87791DA7-B969-44B3-87BA-DF944278DD85}"
EndProject
Project("{FAE04EC0-301F-11D3-BF4B-00C04F79EFBC}") = "MonoGame.Framework.DesktopGL", "StepManiaEditor\MonoGame\MonoGame.Framework\MonoGame.Framework.DesktopGL.csproj", "{20707302-A1D2-4D01-B4B1-BE5A084952CB}"
EndProject
Project("{FAE04EC0-301F-11D3-BF4B-00C04F79EFBC}") = "StepManiaEditorWindows", "StepManiaEditorWindows\StepManiaEditorWindows.csproj", "{532A567C-0F20-4F83-88BD-842D416C2FB5}"
EndProject
Project("{FAE04EC0-301F-11D3-BF4B-00C04F79EFBC}") = "StepManiaEditorLinux", "StepManiaEditorLinux\StepManiaEditorLinux.csproj", "{F0EAA0C5-F23F-46BC-8BE4-393BF9B1410F}"
EndProject
Project("{FAE04EC0-301F-11D3-BF4B-00C04F79EFBC}") = "StepManiaEditorWindowsOpenGL", "StepManiaEditorWindowsOpenGL\StepManiaEditorWindowsOpenGL.csproj", "{FAEC61F6-35E9-491B-9774-73FBA21204D7}"
EndProject
Global
	GlobalSection(SolutionConfigurationPlatforms) = preSolution
		Debug|Any CPU = Debug|Any CPU
		Debug|x64 = Debug|x64
		Debug|x86 = Debug|x86
		Release|Any CPU = Release|Any CPU
		Release|x64 = Release|x64
		Release|x86 = Release|x86
	EndGlobalSection
	GlobalSection(ProjectConfigurationPlatforms) = postSolution
		{3829BAAD-4CD4-45D0-812F-EFDF3B733AE9}.Debug|Any CPU.ActiveCfg = Debug|Any CPU
		{3829BAAD-4CD4-45D0-812F-EFDF3B733AE9}.Debug|Any CPU.Build.0 = Debug|Any CPU
		{3829BAAD-4CD4-45D0-812F-EFDF3B733AE9}.Debug|x64.ActiveCfg = Debug|Any CPU
		{3829BAAD-4CD4-45D0-812F-EFDF3B733AE9}.Debug|x64.Build.0 = Debug|Any CPU
		{3829BAAD-4CD4-45D0-812F-EFDF3B733AE9}.Debug|x86.ActiveCfg = Debug|Any CPU
		{3829BAAD-4CD4-45D0-812F-EFDF3B733AE9}.Debug|x86.Build.0 = Debug|Any CPU
		{3829BAAD-4CD4-45D0-812F-EFDF3B733AE9}.Release|Any CPU.ActiveCfg = Release|Any CPU
		{3829BAAD-4CD4-45D0-812F-EFDF3B733AE9}.Release|Any CPU.Build.0 = Release|Any CPU
		{3829BAAD-4CD4-45D0-812F-EFDF3B733AE9}.Release|x64.ActiveCfg = Release|Any CPU
		{3829BAAD-4CD4-45D0-812F-EFDF3B733AE9}.Release|x64.Build.0 = Release|Any CPU
		{3829BAAD-4CD4-45D0-812F-EFDF3B733AE9}.Release|x86.ActiveCfg = Release|Any CPU
		{3829BAAD-4CD4-45D0-812F-EFDF3B733AE9}.Release|x86.Build.0 = Release|Any CPU
		{6129C91B-F26B-423F-97EC-B4D4A7ECB631}.Debug|Any CPU.ActiveCfg = Debug|Any CPU
		{6129C91B-F26B-423F-97EC-B4D4A7ECB631}.Debug|Any CPU.Build.0 = Debug|Any CPU
		{6129C91B-F26B-423F-97EC-B4D4A7ECB631}.Debug|x64.ActiveCfg = Debug|Any CPU
		{6129C91B-F26B-423F-97EC-B4D4A7ECB631}.Debug|x64.Build.0 = Debug|Any CPU
		{6129C91B-F26B-423F-97EC-B4D4A7ECB631}.Debug|x86.ActiveCfg = Debug|Any CPU
		{6129C91B-F26B-423F-97EC-B4D4A7ECB631}.Debug|x86.Build.0 = Debug|Any CPU
		{6129C91B-F26B-423F-97EC-B4D4A7ECB631}.Release|Any CPU.ActiveCfg = Release|Any CPU
		{6129C91B-F26B-423F-97EC-B4D4A7ECB631}.Release|Any CPU.Build.0 = Release|Any CPU
		{6129C91B-F26B-423F-97EC-B4D4A7ECB631}.Release|x64.ActiveCfg = Release|Any CPU
		{6129C91B-F26B-423F-97EC-B4D4A7ECB631}.Release|x64.Build.0 = Release|Any CPU
		{6129C91B-F26B-423F-97EC-B4D4A7ECB631}.Release|x86.ActiveCfg = Release|Any CPU
		{6129C91B-F26B-423F-97EC-B4D4A7ECB631}.Release|x86.Build.0 = Release|Any CPU
		{0442A9A8-0AD1-4275-9575-B30E71F2A57E}.Debug|Any CPU.ActiveCfg = Debug|Any CPU
		{0442A9A8-0AD1-4275-9575-B30E71F2A57E}.Debug|Any CPU.Build.0 = Debug|Any CPU
		{0442A9A8-0AD1-4275-9575-B30E71F2A57E}.Debug|x64.ActiveCfg = Debug|Any CPU
		{0442A9A8-0AD1-4275-9575-B30E71F2A57E}.Debug|x64.Build.0 = Debug|Any CPU
		{0442A9A8-0AD1-4275-9575-B30E71F2A57E}.Debug|x86.ActiveCfg = Debug|Any CPU
		{0442A9A8-0AD1-4275-9575-B30E71F2A57E}.Debug|x86.Build.0 = Debug|Any CPU
		{0442A9A8-0AD1-4275-9575-B30E71F2A57E}.Release|Any CPU.ActiveCfg = Release|Any CPU
		{0442A9A8-0AD1-4275-9575-B30E71F2A57E}.Release|Any CPU.Build.0 = Release|Any CPU
		{0442A9A8-0AD1-4275-9575-B30E71F2A57E}.Release|x64.ActiveCfg = Release|Any CPU
		{0442A9A8-0AD1-4275-9575-B30E71F2A57E}.Release|x64.Build.0 = Release|Any CPU
		{0442A9A8-0AD1-4275-9575-B30E71F2A57E}.Release|x86.ActiveCfg = Release|Any CPU
		{0442A9A8-0AD1-4275-9575-B30E71F2A57E}.Release|x86.Build.0 = Release|Any CPU
		{9D072ADE-2E91-4000-A5B3-9D948FE0428F}.Debug|Any CPU.ActiveCfg = Debug|Any CPU
		{9D072ADE-2E91-4000-A5B3-9D948FE0428F}.Debug|Any CPU.Build.0 = Debug|Any CPU
		{9D072ADE-2E91-4000-A5B3-9D948FE0428F}.Debug|x64.ActiveCfg = Debug|Any CPU
		{9D072ADE-2E91-4000-A5B3-9D948FE0428F}.Debug|x64.Build.0 = Debug|Any CPU
		{9D072ADE-2E91-4000-A5B3-9D948FE0428F}.Debug|x86.ActiveCfg = Debug|Any CPU
		{9D072ADE-2E91-4000-A5B3-9D948FE0428F}.Debug|x86.Build.0 = Debug|Any CPU
		{9D072ADE-2E91-4000-A5B3-9D948FE0428F}.Release|Any CPU.ActiveCfg = Release|Any CPU
		{9D072ADE-2E91-4000-A5B3-9D948FE0428F}.Release|Any CPU.Build.0 = Release|Any CPU
		{9D072ADE-2E91-4000-A5B3-9D948FE0428F}.Release|x64.ActiveCfg = Release|Any CPU
		{9D072ADE-2E91-4000-A5B3-9D948FE0428F}.Release|x64.Build.0 = Release|Any CPU
		{9D072ADE-2E91-4000-A5B3-9D948FE0428F}.Release|x86.ActiveCfg = Release|Any CPU
		{9D072ADE-2E91-4000-A5B3-9D948FE0428F}.Release|x86.Build.0 = Release|Any CPU
		{D0D2BFE2-229B-4B4A-B21F-5EE40B4344E1}.Debug|Any CPU.ActiveCfg = Debug|Any CPU
		{D0D2BFE2-229B-4B4A-B21F-5EE40B4344E1}.Debug|Any CPU.Build.0 = Debug|Any CPU
		{D0D2BFE2-229B-4B4A-B21F-5EE40B4344E1}.Debug|x64.ActiveCfg = Debug|Any CPU
		{D0D2BFE2-229B-4B4A-B21F-5EE40B4344E1}.Debug|x64.Build.0 = Debug|Any CPU
		{D0D2BFE2-229B-4B4A-B21F-5EE40B4344E1}.Debug|x86.ActiveCfg = Debug|Any CPU
		{D0D2BFE2-229B-4B4A-B21F-5EE40B4344E1}.Debug|x86.Build.0 = Debug|Any CPU
		{D0D2BFE2-229B-4B4A-B21F-5EE40B4344E1}.Release|Any CPU.ActiveCfg = Release|Any CPU
		{D0D2BFE2-229B-4B4A-B21F-5EE40B4344E1}.Release|Any CPU.Build.0 = Release|Any CPU
		{D0D2BFE2-229B-4B4A-B21F-5EE40B4344E1}.Release|x64.ActiveCfg = Release|Any CPU
		{D0D2BFE2-229B-4B4A-B21F-5EE40B4344E1}.Release|x64.Build.0 = Release|Any CPU
		{D0D2BFE2-229B-4B4A-B21F-5EE40B4344E1}.Release|x86.ActiveCfg = Release|Any CPU
		{D0D2BFE2-229B-4B4A-B21F-5EE40B4344E1}.Release|x86.Build.0 = Release|Any CPU
		{1D6C7634-1F39-4FC0-B8F3-97FD0A9544E1}.Debug|Any CPU.ActiveCfg = Debug|Any CPU
		{1D6C7634-1F39-4FC0-B8F3-97FD0A9544E1}.Debug|Any CPU.Build.0 = Debug|Any CPU
		{1D6C7634-1F39-4FC0-B8F3-97FD0A9544E1}.Debug|x64.ActiveCfg = Debug|Any CPU
		{1D6C7634-1F39-4FC0-B8F3-97FD0A9544E1}.Debug|x64.Build.0 = Debug|Any CPU
		{1D6C7634-1F39-4FC0-B8F3-97FD0A9544E1}.Debug|x86.ActiveCfg = Debug|Any CPU
		{1D6C7634-1F39-4FC0-B8F3-97FD0A9544E1}.Debug|x86.Build.0 = Debug|Any CPU
		{1D6C7634-1F39-4FC0-B8F3-97FD0A9544E1}.Release|Any CPU.ActiveCfg = Release|Any CPU
		{1D6C7634-1F39-4FC0-B8F3-97FD0A9544E1}.Release|Any CPU.Build.0 = Release|Any CPU
		{1D6C7634-1F39-4FC0-B8F3-97FD0A9544E1}.Release|x64.ActiveCfg = Release|Any CPU
		{1D6C7634-1F39-4FC0-B8F3-97FD0A9544E1}.Release|x64.Build.0 = Release|Any CPU
		{1D6C7634-1F39-4FC0-B8F3-97FD0A9544E1}.Release|x86.ActiveCfg = Release|Any CPU
		{1D6C7634-1F39-4FC0-B8F3-97FD0A9544E1}.Release|x86.Build.0 = Release|Any CPU
		{36388BBD-0DDC-47B3-B73C-54CDAD5903D1}.Debug|Any CPU.ActiveCfg = Debug|Any CPU
		{36388BBD-0DDC-47B3-B73C-54CDAD5903D1}.Debug|Any CPU.Build.0 = Debug|Any CPU
		{36388BBD-0DDC-47B3-B73C-54CDAD5903D1}.Debug|x64.ActiveCfg = Debug|Any CPU
		{36388BBD-0DDC-47B3-B73C-54CDAD5903D1}.Debug|x64.Build.0 = Debug|Any CPU
		{36388BBD-0DDC-47B3-B73C-54CDAD5903D1}.Debug|x86.ActiveCfg = Debug|Any CPU
		{36388BBD-0DDC-47B3-B73C-54CDAD5903D1}.Debug|x86.Build.0 = Debug|Any CPU
		{36388BBD-0DDC-47B3-B73C-54CDAD5903D1}.Release|Any CPU.ActiveCfg = Release|Any CPU
		{36388BBD-0DDC-47B3-B73C-54CDAD5903D1}.Release|Any CPU.Build.0 = Release|Any CPU
		{36388BBD-0DDC-47B3-B73C-54CDAD5903D1}.Release|x64.ActiveCfg = Release|Any CPU
		{36388BBD-0DDC-47B3-B73C-54CDAD5903D1}.Release|x64.Build.0 = Release|Any CPU
		{36388BBD-0DDC-47B3-B73C-54CDAD5903D1}.Release|x86.ActiveCfg = Release|Any CPU
		{36388BBD-0DDC-47B3-B73C-54CDAD5903D1}.Release|x86.Build.0 = Release|Any CPU
		{C4C48A2B-D460-46CA-A90C-856C37C290A5}.Debug|Any CPU.ActiveCfg = Debug|Any CPU
		{C4C48A2B-D460-46CA-A90C-856C37C290A5}.Debug|Any CPU.Build.0 = Debug|Any CPU
		{C4C48A2B-D460-46CA-A90C-856C37C290A5}.Debug|x64.ActiveCfg = Debug|Any CPU
		{C4C48A2B-D460-46CA-A90C-856C37C290A5}.Debug|x64.Build.0 = Debug|Any CPU
		{C4C48A2B-D460-46CA-A90C-856C37C290A5}.Debug|x86.ActiveCfg = Debug|Any CPU
		{C4C48A2B-D460-46CA-A90C-856C37C290A5}.Debug|x86.Build.0 = Debug|Any CPU
		{C4C48A2B-D460-46CA-A90C-856C37C290A5}.Release|Any CPU.ActiveCfg = Release|Any CPU
		{C4C48A2B-D460-46CA-A90C-856C37C290A5}.Release|Any CPU.Build.0 = Release|Any CPU
		{C4C48A2B-D460-46CA-A90C-856C37C290A5}.Release|x64.ActiveCfg = Release|Any CPU
		{C4C48A2B-D460-46CA-A90C-856C37C290A5}.Release|x64.Build.0 = Release|Any CPU
		{C4C48A2B-D460-46CA-A90C-856C37C290A5}.Release|x86.ActiveCfg = Release|Any CPU
		{C4C48A2B-D460-46CA-A90C-856C37C290A5}.Release|x86.Build.0 = Release|Any CPU
		{8C0AE355-3D98-4837-A5D9-D9E4B76140C3}.Debug|Any CPU.ActiveCfg = Debug|Any CPU
		{8C0AE355-3D98-4837-A5D9-D9E4B76140C3}.Debug|Any CPU.Build.0 = Debug|Any CPU
		{8C0AE355-3D98-4837-A5D9-D9E4B76140C3}.Debug|x64.ActiveCfg = Debug|Any CPU
		{8C0AE355-3D98-4837-A5D9-D9E4B76140C3}.Debug|x64.Build.0 = Debug|Any CPU
		{8C0AE355-3D98-4837-A5D9-D9E4B76140C3}.Debug|x86.ActiveCfg = Debug|Any CPU
		{8C0AE355-3D98-4837-A5D9-D9E4B76140C3}.Debug|x86.Build.0 = Debug|Any CPU
		{8C0AE355-3D98-4837-A5D9-D9E4B76140C3}.Release|Any CPU.ActiveCfg = Release|Any CPU
		{8C0AE355-3D98-4837-A5D9-D9E4B76140C3}.Release|Any CPU.Build.0 = Release|Any CPU
		{8C0AE355-3D98-4837-A5D9-D9E4B76140C3}.Release|x64.ActiveCfg = Release|Any CPU
		{8C0AE355-3D98-4837-A5D9-D9E4B76140C3}.Release|x64.Build.0 = Release|Any CPU
		{8C0AE355-3D98-4837-A5D9-D9E4B76140C3}.Release|x86.ActiveCfg = Release|Any CPU
		{8C0AE355-3D98-4837-A5D9-D9E4B76140C3}.Release|x86.Build.0 = Release|Any CPU
		{74F84C7E-90CA-4315-A565-138B8B38D23B}.Debug|Any CPU.ActiveCfg = Debug|Any CPU
		{74F84C7E-90CA-4315-A565-138B8B38D23B}.Debug|Any CPU.Build.0 = Debug|Any CPU
		{74F84C7E-90CA-4315-A565-138B8B38D23B}.Debug|x64.ActiveCfg = Debug|Any CPU
		{74F84C7E-90CA-4315-A565-138B8B38D23B}.Debug|x64.Build.0 = Debug|Any CPU
		{74F84C7E-90CA-4315-A565-138B8B38D23B}.Debug|x86.ActiveCfg = Debug|Any CPU
		{74F84C7E-90CA-4315-A565-138B8B38D23B}.Debug|x86.Build.0 = Debug|Any CPU
		{74F84C7E-90CA-4315-A565-138B8B38D23B}.Release|Any CPU.ActiveCfg = Release|Any CPU
		{74F84C7E-90CA-4315-A565-138B8B38D23B}.Release|Any CPU.Build.0 = Release|Any CPU
		{74F84C7E-90CA-4315-A565-138B8B38D23B}.Release|x64.ActiveCfg = Release|Any CPU
		{74F84C7E-90CA-4315-A565-138B8B38D23B}.Release|x64.Build.0 = Release|Any CPU
		{74F84C7E-90CA-4315-A565-138B8B38D23B}.Release|x86.ActiveCfg = Release|Any CPU
		{74F84C7E-90CA-4315-A565-138B8B38D23B}.Release|x86.Build.0 = Release|Any CPU
		{87791DA7-B969-44B3-87BA-DF944278DD85}.Debug|Any CPU.ActiveCfg = Debug|Any CPU
		{87791DA7-B969-44B3-87BA-DF944278DD85}.Debug|Any CPU.Build.0 = Debug|Any CPU
		{87791DA7-B969-44B3-87BA-DF944278DD85}.Debug|x64.ActiveCfg = Debug|Any CPU
		{87791DA7-B969-44B3-87BA-DF944278DD85}.Debug|x64.Build.0 = Debug|Any CPU
		{87791DA7-B969-44B3-87BA-DF944278DD85}.Debug|x86.ActiveCfg = Debug|Any CPU
		{87791DA7-B969-44B3-87BA-DF944278DD85}.Debug|x86.Build.0 = Debug|Any CPU
		{87791DA7-B969-44B3-87BA-DF944278DD85}.Release|Any CPU.ActiveCfg = Release|Any CPU
		{87791DA7-B969-44B3-87BA-DF944278DD85}.Release|Any CPU.Build.0 = Release|Any CPU
		{87791DA7-B969-44B3-87BA-DF944278DD85}.Release|x64.ActiveCfg = Release|Any CPU
		{87791DA7-B969-44B3-87BA-DF944278DD85}.Release|x64.Build.0 = Release|Any CPU
		{87791DA7-B969-44B3-87BA-DF944278DD85}.Release|x86.ActiveCfg = Release|Any CPU
		{87791DA7-B969-44B3-87BA-DF944278DD85}.Release|x86.Build.0 = Release|Any CPU
		{20707302-A1D2-4D01-B4B1-BE5A084952CB}.Debug|Any CPU.ActiveCfg = Debug|Any CPU
		{20707302-A1D2-4D01-B4B1-BE5A084952CB}.Debug|Any CPU.Build.0 = Debug|Any CPU
		{20707302-A1D2-4D01-B4B1-BE5A084952CB}.Debug|x64.ActiveCfg = Debug|Any CPU
		{20707302-A1D2-4D01-B4B1-BE5A084952CB}.Debug|x64.Build.0 = Debug|Any CPU
		{20707302-A1D2-4D01-B4B1-BE5A084952CB}.Debug|x86.ActiveCfg = Debug|Any CPU
		{20707302-A1D2-4D01-B4B1-BE5A084952CB}.Debug|x86.Build.0 = Debug|Any CPU
		{20707302-A1D2-4D01-B4B1-BE5A084952CB}.Release|Any CPU.ActiveCfg = Release|Any CPU
		{20707302-A1D2-4D01-B4B1-BE5A084952CB}.Release|Any CPU.Build.0 = Release|Any CPU
		{20707302-A1D2-4D01-B4B1-BE5A084952CB}.Release|x64.ActiveCfg = Release|Any CPU
		{20707302-A1D2-4D01-B4B1-BE5A084952CB}.Release|x64.Build.0 = Release|Any CPU
		{20707302-A1D2-4D01-B4B1-BE5A084952CB}.Release|x86.ActiveCfg = Release|Any CPU
		{20707302-A1D2-4D01-B4B1-BE5A084952CB}.Release|x86.Build.0 = Release|Any CPU
		{532A567C-0F20-4F83-88BD-842D416C2FB5}.Debug|Any CPU.ActiveCfg = Debug|Any CPU
		{532A567C-0F20-4F83-88BD-842D416C2FB5}.Debug|Any CPU.Build.0 = Debug|Any CPU
		{532A567C-0F20-4F83-88BD-842D416C2FB5}.Debug|x64.ActiveCfg = Debug|Any CPU
		{532A567C-0F20-4F83-88BD-842D416C2FB5}.Debug|x64.Build.0 = Debug|Any CPU
		{532A567C-0F20-4F83-88BD-842D416C2FB5}.Debug|x86.ActiveCfg = Debug|Any CPU
		{532A567C-0F20-4F83-88BD-842D416C2FB5}.Debug|x86.Build.0 = Debug|Any CPU
		{532A567C-0F20-4F83-88BD-842D416C2FB5}.Release|Any CPU.ActiveCfg = Release|Any CPU
		{532A567C-0F20-4F83-88BD-842D416C2FB5}.Release|Any CPU.Build.0 = Release|Any CPU
		{532A567C-0F20-4F83-88BD-842D416C2FB5}.Release|x64.ActiveCfg = Release|Any CPU
		{532A567C-0F20-4F83-88BD-842D416C2FB5}.Release|x64.Build.0 = Release|Any CPU
		{532A567C-0F20-4F83-88BD-842D416C2FB5}.Release|x86.ActiveCfg = Release|Any CPU
		{532A567C-0F20-4F83-88BD-842D416C2FB5}.Release|x86.Build.0 = Release|Any CPU
		{F0EAA0C5-F23F-46BC-8BE4-393BF9B1410F}.Debug|Any CPU.ActiveCfg = Debug|Any CPU
		{F0EAA0C5-F23F-46BC-8BE4-393BF9B1410F}.Debug|Any CPU.Build.0 = Debug|Any CPU
		{F0EAA0C5-F23F-46BC-8BE4-393BF9B1410F}.Debug|x64.ActiveCfg = Debug|Any CPU
		{F0EAA0C5-F23F-46BC-8BE4-393BF9B1410F}.Debug|x64.Build.0 = Debug|Any CPU
		{F0EAA0C5-F23F-46BC-8BE4-393BF9B1410F}.Debug|x86.ActiveCfg = Debug|Any CPU
		{F0EAA0C5-F23F-46BC-8BE4-393BF9B1410F}.Debug|x86.Build.0 = Debug|Any CPU
		{F0EAA0C5-F23F-46BC-8BE4-393BF9B1410F}.Release|Any CPU.ActiveCfg = Release|Any CPU
		{F0EAA0C5-F23F-46BC-8BE4-393BF9B1410F}.Release|Any CPU.Build.0 = Release|Any CPU
		{F0EAA0C5-F23F-46BC-8BE4-393BF9B1410F}.Release|x64.ActiveCfg = Release|Any CPU
		{F0EAA0C5-F23F-46BC-8BE4-393BF9B1410F}.Release|x64.Build.0 = Release|Any CPU
		{F0EAA0C5-F23F-46BC-8BE4-393BF9B1410F}.Release|x86.ActiveCfg = Release|Any CPU
		{F0EAA0C5-F23F-46BC-8BE4-393BF9B1410F}.Release|x86.Build.0 = Release|Any CPU
		{FAEC61F6-35E9-491B-9774-73FBA21204D7}.Debug|Any CPU.ActiveCfg = Debug|Any CPU
		{FAEC61F6-35E9-491B-9774-73FBA21204D7}.Debug|Any CPU.Build.0 = Debug|Any CPU
		{FAEC61F6-35E9-491B-9774-73FBA21204D7}.Debug|x64.ActiveCfg = Debug|Any CPU
		{FAEC61F6-35E9-491B-9774-73FBA21204D7}.Debug|x64.Build.0 = Debug|Any CPU
		{FAEC61F6-35E9-491B-9774-73FBA21204D7}.Debug|x86.ActiveCfg = Debug|Any CPU
		{FAEC61F6-35E9-491B-9774-73FBA21204D7}.Debug|x86.Build.0 = Debug|Any CPU
		{FAEC61F6-35E9-491B-9774-73FBA21204D7}.Release|Any CPU.ActiveCfg = Release|Any CPU
		{FAEC61F6-35E9-491B-9774-73FBA21204D7}.Release|Any CPU.Build.0 = Release|Any CPU
		{FAEC61F6-35E9-491B-9774-73FBA21204D7}.Release|x64.ActiveCfg = Release|Any CPU
		{FAEC61F6-35E9-491B-9774-73FBA21204D7}.Release|x64.Build.0 = Release|Any CPU
		{FAEC61F6-35E9-491B-9774-73FBA21204D7}.Release|x86.ActiveCfg = Release|Any CPU
		{FAEC61F6-35E9-491B-9774-73FBA21204D7}.Release|x86.Build.0 = Release|Any CPU
	EndGlobalSection
	GlobalSection(SolutionProperties) = preSolution
		HideSolutionNode = FALSE
	EndGlobalSection
	GlobalSection(ExtensibilityGlobals) = postSolution
		SolutionGuid = {511E2B35-4E8B-4BF4-B99C-1E5E68E8410A}
	EndGlobalSection
EndGlobal
